PODS:
  - TensorFlowLiteTaskVision (0.0.1-nightly.20220714)

DEPENDENCIES:
  - TensorFlowLiteTaskVision (~> 0.0.1-nightly.20220714)

SPEC REPOS:
  trunk:
    - TensorFlowLiteTaskVision

SPEC CHECKSUMS:
  TensorFlowLiteTaskVision: 2ad61baab0c01707cded4e8ee92290f78ab48c05

PODFILE CHECKSUM: d4d7307ae1b0f47a86ee8986887e1d2b1321c104

COCOAPODS: 1.11.3
