PODS:
  - TensorFlowLiteTaskVision (0.4.2)

DEPENDENCIES:
  - TensorFlowLiteTaskVision

SPEC REPOS:
  trunk:
    - TensorFlowLiteTaskVision

SPEC CHECKSUMS:
  TensorFlowLiteTaskVision: c5a0f4d6c220d27fe2f2f83dd04c69dff56d2768

PODFILE CHECKSUM: 0b2995091c8f9e460c84876f43648d81cdc31103

COCOAPODS: 1.11.3
