PODS:
  - TensorFlowLiteTaskVision (0.0.1-nightly.20220714)

DEPENDENCIES:
  - TensorFlowLiteTaskVision (~> 0.0.1-nightly.20220714)

SPEC REPOS:
  trunk:
    - TensorFlowLiteTaskVision

SPEC CHECKSUMS:
  TensorFlowLiteTaskVision: 2ad61baab0c01707cded4e8ee92290f78ab48c05

PODFILE CHECKSUM: 6b18c866481f30674253c00960007d190a76fb81

COCOAPODS: 1.11.3
