PODS:
  - TensorFlowLiteTaskVision (0.4.2)

DEPENDENCIES:
  - TensorFlowLiteTaskVision

SPEC REPOS:
  trunk:
    - TensorFlowLiteTaskVision

SPEC CHECKSUMS:
  TensorFlowLiteTaskVision: c5a0f4d6c220d27fe2f2f83dd04c69dff56d2768

PODFILE CHECKSUM: 08a2c4b51c86ba4a7ef2a2a0c69fa7ca117b1bba

COCOAPODS: 1.11.3
