PODS:
  - TensorFlowLiteTaskVision (0.0.1-nightly.20220508)

DEPENDENCIES:
  - TensorFlowLiteTaskVision (~> 0.0.1-nightly.20220508)

SPEC REPOS:
  trunk:
    - TensorFlowLiteTaskVision

SPEC CHECKSUMS:
  TensorFlowLiteTaskVision: 685472f5516d39415d095e09edc2d28dac34dd04

PODFILE CHECKSUM: ab5d21008fb1f471cc51d2f311b4c80385383bc5

COCOAPODS: 1.9.3
