PODS:
  - TensorFlowLiteTaskText (0.0.1-nightly.20220714)
  - TensorFlowLiteTaskVision (0.0.1-nightly.20220714)

DEPENDENCIES:
  - TensorFlowLiteTaskText (~> 0.0.1-nightly.20220714)
  - TensorFlowLiteTaskVision (~> 0.0.1-nightly.20220714)

SPEC REPOS:
  trunk:
    - TensorFlowLiteTaskText
    - TensorFlowLiteTaskVision

SPEC CHECKSUMS:
  TensorFlowLiteTaskText: 9f0576e537a2819e6cfa0c56ef746cce9eebc8ad
  TensorFlowLiteTaskVision: 2ad61baab0c01707cded4e8ee92290f78ab48c05

PODFILE CHECKSUM: 9e0ba150e3a89004581a928ff20d43823ffe9b08

COCOAPODS: 1.11.3
