PODS:
  - TensorFlowLiteTaskVision (0.4.0)

DEPENDENCIES:
  - TensorFlowLiteTaskVision

SPEC REPOS:
  trunk:
    - TensorFlowLiteTaskVision

SPEC CHECKSUMS:
  TensorFlowLiteTaskVision: 1a509ece027763df2a5e216aedc3bfb0b8fca73f

PODFILE CHECKSUM: 7cbbe5c2a23ad66856f263e0850cae95b2fd4521

COCOAPODS: 1.11.3
