PODS:
  - TensorFlowLiteTaskText (0.1.0)
  - TensorFlowLiteTaskVision (0.1.9)

DEPENDENCIES:
  - TensorFlowLiteTaskText (~> 0.1.0)
  - TensorFlowLiteTaskVision (~> 0.1.9)

SPEC REPOS:
  https://github.com/priankakariatyml/tfltask-pod-test.git:
    - TensorFlowLiteTaskText
    - TensorFlowLiteTaskVision

SPEC CHECKSUMS:
  TensorFlowLiteTaskText: 6415699b828235e3336f23eba3d93b97e97bd9bf
  TensorFlowLiteTaskVision: 1247389a86be0391ff3019e5d6090aea6f5cd2d5

PODFILE CHECKSUM: 3c851adc36bc9075a071d48d086d3a64760d3314

COCOAPODS: 1.11.3
